PODS:
  - Auth0 (1.26.0):
    - JWTDecode
    - SimpleKeychain
  - auth0_flutter (0.0.1):
    - Auth0 (= 1.26.0)
    - Flutter
  - Flutter (1.0.0)
  - JWTDecode (2.6.0)
  - SimpleKeychain (0.12.2)

DEPENDENCIES:
  - auth0_flutter (from `.symlinks/plugins/auth0_flutter/ios`)
  - Flutter (from `Flutter`)

SPEC REPOS:
  trunk:
    - Auth0
    - JWTDecode
    - SimpleKeychain

EXTERNAL SOURCES:
  auth0_flutter:
    :path: ".symlinks/plugins/auth0_flutter/ios"
  Flutter:
    :path: Flutter

SPEC CHECKSUMS:
  Auth0: bb6b64e4927e31ea62583c25bb9d2ed12b7642ee
  auth0_flutter: 1932ac2140e83a828223568c07c71dd37a02a157
  Flutter: 434fef37c0980e73bb6479ef766c45957d4b510c
  JWTDecode: 480ca441ddbd5fbfb2abf17870af62f86436be58
  SimpleKeychain: d6a74781e20ebac8cd89deebf593587913aeed07

PODFILE CHECKSUM: a75497545d4391e2d394c3668e20cfb1c2bbd4aa

COCOAPODS: 1.10.1
