PODS:
  - Auth0 (1.26.0):
    - JWTDecode
    - SimpleKeychain
  - auth0_flutter (0.0.1):
    - Auth0 (= 1.26.0)
    - Flutter
  - Flutter (1.0.0)
  - JWTDecode (2.4.1)
  - SimpleKeychain (0.11.1)

DEPENDENCIES:
  - auth0_flutter (from `.symlinks/plugins/auth0_flutter/ios`)
  - Flutter (from `Flutter`)

SPEC REPOS:
  trunk:
    - Auth0
    - JWTDecode
    - SimpleKeychain

EXTERNAL SOURCES:
  auth0_flutter:
    :path: ".symlinks/plugins/auth0_flutter/ios"
  Flutter:
    :path: Flutter

SPEC CHECKSUMS:
  Auth0: bb6b64e4927e31ea62583c25bb9d2ed12b7642ee
  auth0_flutter: 675d5be561c8512b3bf35d68da511be14b2d696d
  Flutter: 0e3d915762c693b495b44d77113d4970485de6ec
  JWTDecode: 4bd4da0cdf0f8154fd467fa48499f34ec057fb88
  SimpleKeychain: 0c657949c7afff92337d2ff64052d5eb5c53823e

PODFILE CHECKSUM: c34e2287a9ccaa606aeceab922830efb9a6ff69a

COCOAPODS: 1.9.3
